
Microsoft Visual Studio Solution File, Format Version 12.00
# Visual Studio Version 16
VisualStudioVersion = 25.0.1700.1
MinimumVisualStudioVersion = 10.0.40219.1
Project("{FAE04EC0-301F-11D3-BF4B-00C04F79EFBC}") = "WebApp", "WebApp\WebApp.csproj", "{D8B7E3EA-2722-47A3-BD9C-361F2F7B2B2A}"
EndProject
Global
	GlobalSection(SolutionConfigurationPlatforms) = preSolution
		Debug|Any CPU = Debug|Any CPU
		Release|Any CPU = Release|Any CPU
	EndGlobalSection
	GlobalSection(ProjectConfigurationPlatforms) = postSolution
		{D8B7E3EA-2722-47A3-BD9C-361F2F7B2B2A}.Debug|Any CPU.ActiveCfg = Debug|Any CPU
		{D8B7E3EA-2722-47A3-BD9C-361F2F7B2B2A}.Debug|Any CPU.Build.0 = Debug|Any CPU
		{D8B7E3EA-2722-47A3-BD9C-361F2F7B2B2A}.Release|Any CPU.ActiveCfg = Release|Any CPU
		{D8B7E3EA-2722-47A3-BD9C-361F2F7B2B2A}.Release|Any CPU.Build.0 = Release|Any CPU
	EndGlobalSection
	GlobalSection(SolutionProperties) = preSolution
		HideSolutionNode = FALSE
	EndGlobalSection
	GlobalSection(ExtensibilityGlobals) = postSolution
		SolutionGuid = {D9D21724-3E34-4217-B3D6-C4D47B071983}
	EndGlobalSection
EndGlobal
